
Microsoft Visual Studio Solution File, Format Version 12.00
# Visual Studio 2015
Project("{FAE04EC0-301F-11D3-BF4B-00C04F79EFBC}") = "Bullion.CSharp", "Bullion.CSharp.csproj", "{97C6BA94-0865-E159-25CC-CD2DC88B0D15}"
EndProject
Global
	GlobalSection(SolutionConfigurationPlatforms) = preSolution
		Debug|Any CPU = Debug|Any CPU
		Release|Any CPU = Release|Any CPU
	EndGlobalSection
	GlobalSection(ProjectConfigurationPlatforms) = postSolution
		{97C6BA94-0865-E159-25CC-CD2DC88B0D15}.Debug|Any CPU.ActiveCfg = Debug|Any CPU
		{97C6BA94-0865-E159-25CC-CD2DC88B0D15}.Debug|Any CPU.Build.0 = Debug|Any CPU
		{97C6BA94-0865-E159-25CC-CD2DC88B0D15}.Release|Any CPU.ActiveCfg = Release|Any CPU
		{97C6BA94-0865-E159-25CC-CD2DC88B0D15}.Release|Any CPU.Build.0 = Release|Any CPU
	EndGlobalSection
	GlobalSection(SolutionProperties) = preSolution
		HideSolutionNode = FALSE
	EndGlobalSection
EndGlobal
