Microsoft Visual Studio Solution File, Format Version 11.00
# Visual Studio 2008

Project("{A68F0284-4014-EE30-D567-D77B3099BDD8}") = "Bullion", "Assembly-CSharp.csproj", "{B2ABEBC2-F2C0-2752-CD08-74E69F8247BF}"
EndProject
Global
	GlobalSection(SolutionConfigurationPlatforms) = preSolution
		Debug|Any CPU = Debug|Any CPU
		Release|Any CPU = Release|Any CPU
	EndGlobalSection
	GlobalSection(ProjectConfigurationPlatforms) = postSolution
		{B2ABEBC2-F2C0-2752-CD08-74E69F8247BF}.Debug|Any CPU.ActiveCfg = Debug|Any CPU
		{B2ABEBC2-F2C0-2752-CD08-74E69F8247BF}.Debug|Any CPU.Build.0 = Debug|Any CPU
		{B2ABEBC2-F2C0-2752-CD08-74E69F8247BF}.Release|Any CPU.ActiveCfg = Release|Any CPU
		{B2ABEBC2-F2C0-2752-CD08-74E69F8247BF}.Release|Any CPU.Build.0 = Release|Any CPU
	EndGlobalSection
	GlobalSection(SolutionProperties) = preSolution
		HideSolutionNode = FALSE
	EndGlobalSection
	GlobalSection(MonoDevelopProperties) = preSolution
		StartupItem = Assembly-CSharp.csproj
	EndGlobalSection
EndGlobal
